
Microsoft Visual Studio Solution File, Format Version 12.00
# Visual Studio Version 16
VisualStudioVersion = 16.0.28803.352
MinimumVisualStudioVersion = 10.0.40219.1
Project("{9A19103F-16F7-4668-BE54-9A1E7A4F7556}") = "Performance.Samples.Console", "Performance.Samples.Console\Performance.Samples.Console.csproj", "{3C20846C-2407-48D9-AE7D-B31D3EFF0FC8}"
EndProject
Project("{FAE04EC0-301F-11D3-BF4B-00C04F79EFBC}") = "Performance.Samples", "Performance.Samples\Performance.Samples.csproj", "{21F41D78-EACD-4F52-A048-504A3EECCE0E}"
EndProject
Project("{FAE04EC0-301F-11D3-BF4B-00C04F79EFBC}") = "Performance.Samples.Data", "Performance.Samples.Data\Performance.Samples.Data.csproj", "{9FE97C95-55F2-4EDB-B098-D23CFD46BCBC}"
EndProject
Global
	GlobalSection(SolutionConfigurationPlatforms) = preSolution
		Debug|Any CPU = Debug|Any CPU
		Release|Any CPU = Release|Any CPU
	EndGlobalSection
	GlobalSection(ProjectConfigurationPlatforms) = postSolution
		{3C20846C-2407-48D9-AE7D-B31D3EFF0FC8}.Debug|Any CPU.ActiveCfg = Debug|Any CPU
		{3C20846C-2407-48D9-AE7D-B31D3EFF0FC8}.Debug|Any CPU.Build.0 = Debug|Any CPU
		{3C20846C-2407-48D9-AE7D-B31D3EFF0FC8}.Release|Any CPU.ActiveCfg = Release|Any CPU
		{3C20846C-2407-48D9-AE7D-B31D3EFF0FC8}.Release|Any CPU.Build.0 = Release|Any CPU
		{21F41D78-EACD-4F52-A048-504A3EECCE0E}.Debug|Any CPU.ActiveCfg = Debug|Any CPU
		{21F41D78-EACD-4F52-A048-504A3EECCE0E}.Debug|Any CPU.Build.0 = Debug|Any CPU
		{21F41D78-EACD-4F52-A048-504A3EECCE0E}.Release|Any CPU.ActiveCfg = Release|Any CPU
		{21F41D78-EACD-4F52-A048-504A3EECCE0E}.Release|Any CPU.Build.0 = Release|Any CPU
		{9FE97C95-55F2-4EDB-B098-D23CFD46BCBC}.Debug|Any CPU.ActiveCfg = Debug|Any CPU
		{9FE97C95-55F2-4EDB-B098-D23CFD46BCBC}.Debug|Any CPU.Build.0 = Debug|Any CPU
		{9FE97C95-55F2-4EDB-B098-D23CFD46BCBC}.Release|Any CPU.ActiveCfg = Release|Any CPU
		{9FE97C95-55F2-4EDB-B098-D23CFD46BCBC}.Release|Any CPU.Build.0 = Release|Any CPU
	EndGlobalSection
	GlobalSection(SolutionProperties) = preSolution
		HideSolutionNode = FALSE
	EndGlobalSection
	GlobalSection(ExtensibilityGlobals) = postSolution
		SolutionGuid = {984490C8-8636-4428-8BEB-E3AFBBCE02B9}
	EndGlobalSection
EndGlobal
